
Microsoft Visual Studio Solution File, Format Version 12.00
# Visual Studio Version 17
VisualStudioVersion = 17.7.34202.233
MinimumVisualStudioVersion = 10.0.40219.1
Project("{FAE04EC0-301F-11D3-BF4B-00C04F79EFBC}") = "practice", "practice\practice.csproj", "{ECF172F5-34E8-45CE-B26E-09B5786C0798}"
EndProject
Global
	GlobalSection(SolutionConfigurationPlatforms) = preSolution
		Debug|Any CPU = Debug|Any CPU
		Release|Any CPU = Release|Any CPU
	EndGlobalSection
	GlobalSection(ProjectConfigurationPlatforms) = postSolution
		{ECF172F5-34E8-45CE-B26E-09B5786C0798}.Debug|Any CPU.ActiveCfg = Debug|Any CPU
		{ECF172F5-34E8-45CE-B26E-09B5786C0798}.Debug|Any CPU.Build.0 = Debug|Any CPU
		{ECF172F5-34E8-45CE-B26E-09B5786C0798}.Release|Any CPU.ActiveCfg = Release|Any CPU
		{ECF172F5-34E8-45CE-B26E-09B5786C0798}.Release|Any CPU.Build.0 = Release|Any CPU
	EndGlobalSection
	GlobalSection(SolutionProperties) = preSolution
		HideSolutionNode = FALSE
	EndGlobalSection
	GlobalSection(ExtensibilityGlobals) = postSolution
		SolutionGuid = {E86BEE00-316C-4641-BAAC-A287D36CA091}
	EndGlobalSection
EndGlobal
